// !$*UTF8*$!
{
	archiveVersion = 1;
	classes = {
	};
	objectVersion = 46;
	objects = {

/* Begin PBXBuildFile section */
		9B3B976919A78071005F0396 /* AppDelegate.swift in Sources */ = {isa = PBXBuildFile; fileRef = 9B3B976819A78071005F0396 /* AppDelegate.swift */; };
		9B3B976C19A78071005F0396 /* VideoPlayer.xcdatamodeld in Sources */ = {isa = PBXBuildFile; fileRef = 9B3B976A19A78071005F0396 /* VideoPlayer.xcdatamodeld */; };
		9B3B976E19A78071005F0396 /* ViewController.swift in Sources */ = {isa = PBXBuildFile; fileRef = 9B3B976D19A78071005F0396 /* ViewController.swift */; };
		9B3B977119A78071005F0396 /* Main.storyboard in Resources */ = {isa = PBXBuildFile; fileRef = 9B3B976F19A78071005F0396 /* Main.storyboard */; };
		9B3B977319A78071005F0396 /* Images.xcassets in Resources */ = {isa = PBXBuildFile; fileRef = 9B3B977219A78071005F0396 /* Images.xcassets */; };
		9B3B977F19A78071005F0396 /* VideoPlayerTests.swift in Sources */ = {isa = PBXBuildFile; fileRef = 9B3B977E19A78071005F0396 /* VideoPlayerTests.swift */; };
		9BA9F39C1A7AE1EA00A9FDFE /* rendered30fps.m4v in Resources */ = {isa = PBXBuildFile; fileRef = 9BA9F39A1A7AE1EA00A9FDFE /* rendered30fps.m4v */; };
		9BA9F39D1A7AE1EA00A9FDFE /* victusSlowMo.mov in Resources */ = {isa = PBXBuildFile; fileRef = 9BA9F39B1A7AE1EA00A9FDFE /* victusSlowMo.mov */; };
		9BA9F39F1A7AE47B00A9FDFE /* trim.mov in Resources */ = {isa = PBXBuildFile; fileRef = 9BA9F39E1A7AE47B00A9FDFE /* trim.mov */; };
/* End PBXBuildFile section */

/* Begin PBXContainerItemProxy section */
		9B3B977919A78071005F0396 /* PBXContainerItemProxy */ = {
			isa = PBXContainerItemProxy;
			containerPortal = 9B3B975B19A78071005F0396 /* Project object */;
			proxyType = 1;
			remoteGlobalIDString = 9B3B976219A78071005F0396;
			remoteInfo = VideoPlayer;
		};
/* End PBXContainerItemProxy section */

/* Begin PBXFileReference section */
		9B3B976319A78071005F0396 /* VideoPlayer.app */ = {isa = PBXFileReference; explicitFileType = wrapper.application; includeInIndex = 0; path = VideoPlayer.app; sourceTree = BUILT_PRODUCTS_DIR; };
		9B3B976719A78071005F0396 /* Info.plist */ = {isa = PBXFileReference; lastKnownFileType = text.plist.xml; path = Info.plist; sourceTree = "<group>"; };
		9B3B976819A78071005F0396 /* AppDelegate.swift */ = {isa = PBXFileReference; lastKnownFileType = sourcecode.swift; path = AppDelegate.swift; sourceTree = "<group>"; };
		9B3B976B19A78071005F0396 /* VideoPlayer.xcdatamodel */ = {isa = PBXFileReference; lastKnownFileType = wrapper.xcdatamodel; path = VideoPlayer.xcdatamodel; sourceTree = "<group>"; };
		9B3B976D19A78071005F0396 /* ViewController.swift */ = {isa = PBXFileReference; lastKnownFileType = sourcecode.swift; path = ViewController.swift; sourceTree = "<group>"; };
		9B3B977019A78071005F0396 /* Base */ = {isa = PBXFileReference; lastKnownFileType = file.storyboard; name = Base; path = Base.lproj/Main.storyboard; sourceTree = "<group>"; };
		9B3B977219A78071005F0396 /* Images.xcassets */ = {isa = PBXFileReference; lastKnownFileType = folder.assetcatalog; path = Images.xcassets; sourceTree = "<group>"; };
		9B3B977819A78071005F0396 /* VideoPlayerTests.xctest */ = {isa = PBXFileReference; explicitFileType = wrapper.cfbundle; includeInIndex = 0; path = VideoPlayerTests.xctest; sourceTree = BUILT_PRODUCTS_DIR; };
		9B3B977D19A78071005F0396 /* Info.plist */ = {isa = PBXFileReference; lastKnownFileType = text.plist.xml; path = Info.plist; sourceTree = "<group>"; };
		9B3B977E19A78071005F0396 /* VideoPlayerTests.swift */ = {isa = PBXFileReference; lastKnownFileType = sourcecode.swift; path = VideoPlayerTests.swift; sourceTree = "<group>"; };
		9BA9F39A1A7AE1EA00A9FDFE /* rendered30fps.m4v */ = {isa = PBXFileReference; lastKnownFileType = file; path = rendered30fps.m4v; sourceTree = "<group>"; };
		9BA9F39B1A7AE1EA00A9FDFE /* victusSlowMo.mov */ = {isa = PBXFileReference; lastKnownFileType = video.quicktime; path = victusSlowMo.mov; sourceTree = "<group>"; };
		9BA9F39E1A7AE47B00A9FDFE /* trim.mov */ = {isa = PBXFileReference; lastKnownFileType = video.quicktime; path = trim.mov; sourceTree = "<group>"; };
/* End PBXFileReference section */

/* Begin PBXFrameworksBuildPhase section */
		9B3B976019A78071005F0396 /* Frameworks */ = {
			isa = PBXFrameworksBuildPhase;
			buildActionMask = 2147483647;
			files = (
			);
			runOnlyForDeploymentPostprocessing = 0;
		};
		9B3B977519A78071005F0396 /* Frameworks */ = {
			isa = PBXFrameworksBuildPhase;
			buildActionMask = 2147483647;
			files = (
			);
			runOnlyForDeploymentPostprocessing = 0;
		};
/* End PBXFrameworksBuildPhase section */

/* Begin PBXGroup section */
		9B3B975A19A78071005F0396 = {
			isa = PBXGroup;
			children = (
				9B3B976519A78071005F0396 /* VideoPlayer */,
				9B3B977B19A78071005F0396 /* VideoPlayerTests */,
				9B3B976419A78071005F0396 /* Products */,
				9BA9F39A1A7AE1EA00A9FDFE /* rendered30fps.m4v */,
				9BA9F39B1A7AE1EA00A9FDFE /* victusSlowMo.mov */,
				9BA9F39E1A7AE47B00A9FDFE /* trim.mov */,
			);
			sourceTree = "<group>";
		};
		9B3B976419A78071005F0396 /* Products */ = {
			isa = PBXGroup;
			children = (
				9B3B976319A78071005F0396 /* VideoPlayer.app */,
				9B3B977819A78071005F0396 /* VideoPlayerTests.xctest */,
			);
			name = Products;
			sourceTree = "<group>";
		};
		9B3B976519A78071005F0396 /* VideoPlayer */ = {
			isa = PBXGroup;
			children = (
				9B3B976819A78071005F0396 /* AppDelegate.swift */,
				9B3B976D19A78071005F0396 /* ViewController.swift */,
				9B3B976F19A78071005F0396 /* Main.storyboard */,
				9B3B977219A78071005F0396 /* Images.xcassets */,
				9B3B976A19A78071005F0396 /* VideoPlayer.xcdatamodeld */,
				9B3B976619A78071005F0396 /* Supporting Files */,
			);
			path = VideoPlayer;
			sourceTree = "<group>";
		};
		9B3B976619A78071005F0396 /* Supporting Files */ = {
			isa = PBXGroup;
			children = (
				9B3B976719A78071005F0396 /* Info.plist */,
			);
			name = "Supporting Files";
			sourceTree = "<group>";
		};
		9B3B977B19A78071005F0396 /* VideoPlayerTests */ = {
			isa = PBXGroup;
			children = (
				9B3B977E19A78071005F0396 /* VideoPlayerTests.swift */,
				9B3B977C19A78071005F0396 /* Supporting Files */,
			);
			path = VideoPlayerTests;
			sourceTree = "<group>";
		};
		9B3B977C19A78071005F0396 /* Supporting Files */ = {
			isa = PBXGroup;
			children = (
				9B3B977D19A78071005F0396 /* Info.plist */,
			);
			name = "Supporting Files";
			sourceTree = "<group>";
		};
/* End PBXGroup section */

/* Begin PBXNativeTarget section */
		9B3B976219A78071005F0396 /* VideoPlayer */ = {
			isa = PBXNativeTarget;
			buildConfigurationList = 9B3B978219A78071005F0396 /* Build configuration list for PBXNativeTarget "VideoPlayer" */;
			buildPhases = (
				9B3B975F19A78071005F0396 /* Sources */,
				9B3B976019A78071005F0396 /* Frameworks */,
				9B3B976119A78071005F0396 /* Resources */,
			);
			buildRules = (
			);
			dependencies = (
			);
			name = VideoPlayer;
			productName = VideoPlayer;
			productReference = 9B3B976319A78071005F0396 /* VideoPlayer.app */;
			productType = "com.apple.product-type.application";
		};
		9B3B977719A78071005F0396 /* VideoPlayerTests */ = {
			isa = PBXNativeTarget;
			buildConfigurationList = 9B3B978519A78071005F0396 /* Build configuration list for PBXNativeTarget "VideoPlayerTests" */;
			buildPhases = (
				9B3B977419A78071005F0396 /* Sources */,
				9B3B977519A78071005F0396 /* Frameworks */,
				9B3B977619A78071005F0396 /* Resources */,
			);
			buildRules = (
			);
			dependencies = (
				9B3B977A19A78071005F0396 /* PBXTargetDependency */,
			);
			name = VideoPlayerTests;
			productName = VideoPlayerTests;
			productReference = 9B3B977819A78071005F0396 /* VideoPlayerTests.xctest */;
			productType = "com.apple.product-type.bundle.unit-test";
		};
/* End PBXNativeTarget section */

/* Begin PBXProject section */
		9B3B975B19A78071005F0396 /* Project object */ = {
			isa = PBXProject;
			attributes = {
				LastSwiftMigration = 0710;
				LastSwiftUpdateCheck = 0710;
				LastUpgradeCheck = 0600;
				ORGANIZATIONNAME = messel;
				TargetAttributes = {
					9B3B976219A78071005F0396 = {
						CreatedOnToolsVersion = 6.0;
						DevelopmentTeam = L5262XM8UA;
						LastSwiftMigration = 0830;
					};
					9B3B977719A78071005F0396 = {
						CreatedOnToolsVersion = 6.0;
						DevelopmentTeam = L5262XM8UA;
						LastSwiftMigration = 0830;
						TestTargetID = 9B3B976219A78071005F0396;
					};
				};
			};
			buildConfigurationList = 9B3B975E19A78071005F0396 /* Build configuration list for PBXProject "VideoPlayer" */;
			compatibilityVersion = "Xcode 3.2";
			developmentRegion = English;
			hasScannedForEncodings = 0;
			knownRegions = (
				en,
				Base,
			);
			mainGroup = 9B3B975A19A78071005F0396;
			productRefGroup = 9B3B976419A78071005F0396 /* Products */;
			projectDirPath = "";
			projectRoot = "";
			targets = (
				9B3B976219A78071005F0396 /* VideoPlayer */,
				9B3B977719A78071005F0396 /* VideoPlayerTests */,
			);
		};
/* End PBXProject section */

/* Begin PBXResourcesBuildPhase section */
		9B3B976119A78071005F0396 /* Resources */ = {
			isa = PBXResourcesBuildPhase;
			buildActionMask = 2147483647;
			files = (
				9B3B977119A78071005F0396 /* Main.storyboard in Resources */,
				9BA9F39F1A7AE47B00A9FDFE /* trim.mov in Resources */,
				9BA9F39C1A7AE1EA00A9FDFE /* rendered30fps.m4v in Resources */,
				9B3B977319A78071005F0396 /* Images.xcassets in Resources */,
				9BA9F39D1A7AE1EA00A9FDFE /* victusSlowMo.mov in Resources */,
			);
			runOnlyForDeploymentPostprocessing = 0;
		};
		9B3B977619A78071005F0396 /* Resources */ = {
			isa = PBXResourcesBuildPhase;
			buildActionMask = 2147483647;
			files = (
			);
			runOnlyForDeploymentPostprocessing = 0;
		};
/* End PBXResourcesBuildPhase section */

/* Begin PBXSourcesBuildPhase section */
		9B3B975F19A78071005F0396 /* Sources */ = {
			isa = PBXSourcesBuildPhase;
			buildActionMask = 2147483647;
			files = (
				9B3B976E19A78071005F0396 /* ViewController.swift in Sources */,
				9B3B976C19A78071005F0396 /* VideoPlayer.xcdatamodeld in Sources */,
				9B3B976919A78071005F0396 /* AppDelegate.swift in Sources */,
			);
			runOnlyForDeploymentPostprocessing = 0;
		};
		9B3B977419A78071005F0396 /* Sources */ = {
			isa = PBXSourcesBuildPhase;
			buildActionMask = 2147483647;
			files = (
				9B3B977F19A78071005F0396 /* VideoPlayerTests.swift in Sources */,
			);
			runOnlyForDeploymentPostprocessing = 0;
		};
/* End PBXSourcesBuildPhase section */

/* Begin PBXTargetDependency section */
		9B3B977A19A78071005F0396 /* PBXTargetDependency */ = {
			isa = PBXTargetDependency;
			target = 9B3B976219A78071005F0396 /* VideoPlayer */;
			targetProxy = 9B3B977919A78071005F0396 /* PBXContainerItemProxy */;
		};
/* End PBXTargetDependency section */

/* Begin PBXVariantGroup section */
		9B3B976F19A78071005F0396 /* Main.storyboard */ = {
			isa = PBXVariantGroup;
			children = (
				9B3B977019A78071005F0396 /* Base */,
			);
			name = Main.storyboard;
			sourceTree = "<group>";
		};
/* End PBXVariantGroup section */

/* Begin XCBuildConfiguration section */
		9B3B978019A78071005F0396 /* Debug */ = {
			isa = XCBuildConfiguration;
			buildSettings = {
				ALWAYS_SEARCH_USER_PATHS = NO;
				CLANG_CXX_LANGUAGE_STANDARD = "gnu++0x";
				CLANG_CXX_LIBRARY = "libc++";
				CLANG_ENABLE_MODULES = YES;
				CLANG_ENABLE_OBJC_ARC = YES;
				CLANG_WARN_BOOL_CONVERSION = YES;
				CLANG_WARN_CONSTANT_CONVERSION = YES;
				CLANG_WARN_DIRECT_OBJC_ISA_USAGE = YES_ERROR;
				CLANG_WARN_EMPTY_BODY = YES;
				CLANG_WARN_ENUM_CONVERSION = YES;
				CLANG_WARN_INT_CONVERSION = YES;
				CLANG_WARN_OBJC_ROOT_CLASS = YES_ERROR;
				CLANG_WARN_UNREACHABLE_CODE = YES;
				CLANG_WARN__DUPLICATE_METHOD_MATCH = YES;
				"CODE_SIGN_IDENTITY[sdk=iphoneos*]" = "iPhone Developer";
				COPY_PHASE_STRIP = NO;
				ENABLE_STRICT_OBJC_MSGSEND = YES;
				GCC_C_LANGUAGE_STANDARD = gnu99;
				GCC_DYNAMIC_NO_PIC = NO;
				GCC_OPTIMIZATION_LEVEL = 0;
				GCC_PREPROCESSOR_DEFINITIONS = (
					"DEBUG=1",
					"$(inherited)",
				);
				GCC_SYMBOLS_PRIVATE_EXTERN = NO;
				GCC_WARN_64_TO_32_BIT_CONVERSION = YES;
				GCC_WARN_ABOUT_RETURN_TYPE = YES_ERROR;
				GCC_WARN_UNDECLARED_SELECTOR = YES;
				GCC_WARN_UNINITIALIZED_AUTOS = YES_AGGRESSIVE;
				GCC_WARN_UNUSED_FUNCTION = YES;
				GCC_WARN_UNUSED_VARIABLE = YES;
				IPHONEOS_DEPLOYMENT_TARGET = 8.0;
				MTL_ENABLE_DEBUG_INFO = YES;
				ONLY_ACTIVE_ARCH = YES;
				SDKROOT = iphoneos;
				SWIFT_OPTIMIZATION_LEVEL = "-Onone";
				TARGETED_DEVICE_FAMILY = "1,2";
			};
			name = Debug;
		};
		9B3B978119A78071005F0396 /* Release */ = {
			isa = XCBuildConfiguration;
			buildSettings = {
				ALWAYS_SEARCH_USER_PATHS = NO;
				CLANG_CXX_LANGUAGE_STANDARD = "gnu++0x";
				CLANG_CXX_LIBRARY = "libc++";
				CLANG_ENABLE_MODULES = YES;
				CLANG_ENABLE_OBJC_ARC = YES;
				CLANG_WARN_BOOL_CONVERSION = YES;
				CLANG_WARN_CONSTANT_CONVERSION = YES;
				CLANG_WARN_DIRECT_OBJC_ISA_USAGE = YES_ERROR;
				CLANG_WARN_EMPTY_BODY = YES;
				CLANG_WARN_ENUM_CONVERSION = YES;
				CLANG_WARN_INT_CONVERSION = YES;
				CLANG_WARN_OBJC_ROOT_CLASS = YES_ERROR;
				CLANG_WARN_UNREACHABLE_CODE = YES;
				CLANG_WARN__DUPLICATE_METHOD_MATCH = YES;
				"CODE_SIGN_IDENTITY[sdk=iphoneos*]" = "iPhone Developer";
				COPY_PHASE_STRIP = YES;
				ENABLE_NS_ASSERTIONS = NO;
				ENABLE_STRICT_OBJC_MSGSEND = YES;
				GCC_C_LANGUAGE_STANDARD = gnu99;
				GCC_WARN_64_TO_32_BIT_CONVERSION = YES;
				GCC_WARN_ABOUT_RETURN_TYPE = YES_ERROR;
				GCC_WARN_UNDECLARED_SELECTOR = YES;
				GCC_WARN_UNINITIALIZED_AUTOS = YES_AGGRESSIVE;
				GCC_WARN_UNUSED_FUNCTION = YES;
				GCC_WARN_UNUSED_VARIABLE = YES;
				IPHONEOS_DEPLOYMENT_TARGET = 8.0;
				MTL_ENABLE_DEBUG_INFO = NO;
				SDKROOT = iphoneos;
				TARGETED_DEVICE_FAMILY = "1,2";
				VALIDATE_PRODUCT = YES;
			};
			name = Release;
		};
		9B3B978319A78071005F0396 /* Debug */ = {
			isa = XCBuildConfiguration;
			buildSettings = {
				ASSETCATALOG_COMPILER_APPICON_NAME = AppIcon;
				ASSETCATALOG_COMPILER_LAUNCHIMAGE_NAME = LaunchImage;
				CODE_SIGN_IDENTITY = "iPhone Developer";
				DEVELOPMENT_TEAM = L5262XM8UA;
				INFOPLIST_FILE = VideoPlayer/Info.plist;
				IPHONEOS_DEPLOYMENT_TARGET = 9.2;
				LD_RUNPATH_SEARCH_PATHS = "$(inherited) @executable_path/Frameworks";
				PRODUCT_NAME = "$(TARGET_NAME)";
				SWIFT_VERSION = 3.0;
			};
			name = Debug;
		};
		9B3B978419A78071005F0396 /* Release */ = {
			isa = XCBuildConfiguration;
			buildSettings = {
				ASSETCATALOG_COMPILER_APPICON_NAME = AppIcon;
				ASSETCATALOG_COMPILER_LAUNCHIMAGE_NAME = LaunchImage;
				CODE_SIGN_IDENTITY = "iPhone Developer";
				DEVELOPMENT_TEAM = L5262XM8UA;
				INFOPLIST_FILE = VideoPlayer/Info.plist;
				IPHONEOS_DEPLOYMENT_TARGET = 9.2;
				LD_RUNPATH_SEARCH_PATHS = "$(inherited) @executable_path/Frameworks";
				PRODUCT_NAME = "$(TARGET_NAME)";
				SWIFT_VERSION = 3.0;
			};
			name = Release;
		};
		9B3B978619A78071005F0396 /* Debug */ = {
			isa = XCBuildConfiguration;
			buildSettings = {
				BUNDLE_LOADER = "$(TEST_HOST)";
				DEVELOPMENT_TEAM = L5262XM8UA;
				FRAMEWORK_SEARCH_PATHS = (
					"$(SDKROOT)/Developer/Library/Frameworks",
					"$(inherited)",
				);
				GCC_PREPROCESSOR_DEFINITIONS = (
					"DEBUG=1",
					"$(inherited)",
				);
				INFOPLIST_FILE = VideoPlayerTests/Info.plist;
				LD_RUNPATH_SEARCH_PATHS = "$(inherited) @executable_path/Frameworks @loader_path/Frameworks";
				PRODUCT_NAME = "$(TARGET_NAME)";
				SWIFT_VERSION = 3.0;
				TEST_HOST = "$(BUILT_PRODUCTS_DIR)/VideoPlayer.app/VideoPlayer";
			};
			name = Debug;
		};
		9B3B978719A78071005F0396 /* Release */ = {
			isa = XCBuildConfiguration;
			buildSettings = {
				BUNDLE_LOADER = "$(TEST_HOST)";
				DEVELOPMENT_TEAM = L5262XM8UA;
				FRAMEWORK_SEARCH_PATHS = (
					"$(SDKROOT)/Developer/Library/Frameworks",
					"$(inherited)",
				);
				INFOPLIST_FILE = VideoPlayerTests/Info.plist;
				LD_RUNPATH_SEARCH_PATHS = "$(inherited) @executable_path/Frameworks @loader_path/Frameworks";
				PRODUCT_NAME = "$(TARGET_NAME)";
				SWIFT_VERSION = 3.0;
				TEST_HOST = "$(BUILT_PRODUCTS_DIR)/VideoPlayer.app/VideoPlayer";
			};
			name = Release;
		};
/* End XCBuildConfiguration section */

/* Begin XCConfigurationList section */
		9B3B975E19A78071005F0396 /* Build configuration list for PBXProject "VideoPlayer" */ = {
			isa = XCConfigurationList;
			buildConfigurations = (
				9B3B978019A78071005F0396 /* Debug */,
				9B3B978119A78071005F0396 /* Release */,
			);
			defaultConfigurationIsVisible = 0;
			defaultConfigurationName = Release;
		};
		9B3B978219A78071005F0396 /* Build configuration list for PBXNativeTarget "VideoPlayer" */ = {
			isa = XCConfigurationList;
			buildConfigurations = (
				9B3B978319A78071005F0396 /* Debug */,
				9B3B978419A78071005F0396 /* Release */,
			);
			defaultConfigurationIsVisible = 0;
			defaultConfigurationName = Release;
		};
		9B3B978519A78071005F0396 /* Build configuration list for PBXNativeTarget "VideoPlayerTests" */ = {
			isa = XCConfigurationList;
			buildConfigurations = (
				9B3B978619A78071005F0396 /* Debug */,
				9B3B978719A78071005F0396 /* Release */,
			);
			defaultConfigurationIsVisible = 0;
			defaultConfigurationName = Release;
		};
/* End XCConfigurationList section */

/* Begin XCVersionGroup section */
		9B3B976A19A78071005F0396 /* VideoPlayer.xcdatamodeld */ = {
			isa = XCVersionGroup;
			children = (
				9B3B976B19A78071005F0396 /* VideoPlayer.xcdatamodel */,
			);
			currentVersion = 9B3B976B19A78071005F0396 /* VideoPlayer.xcdatamodel */;
			path = VideoPlayer.xcdatamodeld;
			sourceTree = "<group>";
			versionGroupType = wrapper.xcdatamodel;
		};
/* End XCVersionGroup section */
	};
	rootObject = 9B3B975B19A78071005F0396 /* Project object */;
}
